PODS:
  - KIF (2.0.0)
  - UIDeviceIdentifier (1.4.0)

DEPENDENCIES:
  - KIF (~> 2.0)
  - UIDeviceIdentifier

SPEC REPOS:
  trunk:
    - KIF
    - UIDeviceIdentifier

SPEC CHECKSUMS:
  KIF: 28b15535a46fafddb318217fe97819d2755ed1ef
  UIDeviceIdentifier: 44f805037d21b94394821828f4fcaba34b38c2d0

PODFILE CHECKSUM: 190b6bf843f6b11e325a497b57db1f43fc11620a

COCOAPODS: 1.9.1
